
Microsoft Visual Studio Solution File, Format Version 12.00
# Visual Studio Version 16
VisualStudioVersion = 16.0.32228.343
MinimumVisualStudioVersion = 10.0.40219.1
Project("{FAE04EC0-301F-11D3-BF4B-00C04F79EFBC}") = "Homework 1 18.04.2022", "Homework 1 18.04.2022\Homework 1 18.04.2022.csproj", "{759DC8B7-2810-4F8B-A88E-B3C312FA61B2}"
EndProject
Global
	GlobalSection(SolutionConfigurationPlatforms) = preSolution
		Debug|Any CPU = Debug|Any CPU
		Release|Any CPU = Release|Any CPU
	EndGlobalSection
	GlobalSection(ProjectConfigurationPlatforms) = postSolution
		{759DC8B7-2810-4F8B-A88E-B3C312FA61B2}.Debug|Any CPU.ActiveCfg = Debug|Any CPU
		{759DC8B7-2810-4F8B-A88E-B3C312FA61B2}.Debug|Any CPU.Build.0 = Debug|Any CPU
		{759DC8B7-2810-4F8B-A88E-B3C312FA61B2}.Release|Any CPU.ActiveCfg = Release|Any CPU
		{759DC8B7-2810-4F8B-A88E-B3C312FA61B2}.Release|Any CPU.Build.0 = Release|Any CPU
	EndGlobalSection
	GlobalSection(SolutionProperties) = preSolution
		HideSolutionNode = FALSE
	EndGlobalSection
	GlobalSection(ExtensibilityGlobals) = postSolution
		SolutionGuid = {D4DDC3F3-A3C7-49BC-BE12-15FC9062A364}
	EndGlobalSection
EndGlobal
